<Solution>
  <Folder Name="/src/">
    <Project Path="src/TripleG3.P2P/TripleG3.P2P.csproj" />
  </Folder>
  <Folder Name="/tests/">
    <Project Path="tests/TripleG3.P2P.IntegrationTests/TripleG3.P2P.IntegrationTests.csproj" />
    <Project Path="tests/TripleG3.P2P.UnitTests/TripleG3.P2P.UnitTests.csproj" />
  </Folder>
</Solution>
