
Microsoft Visual Studio Solution File, Format Version 12.00
# Visual Studio Version 17
VisualStudioVersion = 17.14.36414.22 d17.14
MinimumVisualStudioVersion = 10.0.40219.1
Project("{FAE04EC0-301F-11D3-BF4B-00C04F79EFBC}") = "TripleG3.P2P", "TripleG3.P2P\TripleG3.P2P.csproj", "{042CF509-D66D-E8FD-F09B-ECD73346F769}"
EndProject
Project("{FAE04EC0-301F-11D3-BF4B-00C04F79EFBC}") = "TripleG3.P2P.IntegrationTests", "..\tests\TripleG3.P2P.IntegrationTests\TripleG3.P2P.IntegrationTests.csproj", "{C2F7E5B2-5A4F-4C3F-9F3B-8B3A5D9D2E11}"
EndProject
Project("{FAE04EC0-301F-11D3-BF4B-00C04F79EFBC}") = "TripleG3.P2P.VideoTests", "..\tests\TripleG3.P2P.VideoTests\TripleG3.P2P.VideoTests.csproj", "{8A6F1E8E-AB96-4E66-8F0F-6BC8D1F4C7AA}"
EndProject
Project("{2150E333-8FDC-42A3-9474-1A3956D46DE8}") = "Solution Items", "Solution Items", "{8EC462FD-D22E-90A8-E5CE-7E832BA40C5D}"
	ProjectSection(SolutionItems) = preProject
		..\.github\workflows\ci-release.yml = ..\.github\workflows\ci-release.yml
		..\LICENSE = ..\LICENSE
		..\README.md = ..\README.md
	EndProjectSection
EndProject
Global
	GlobalSection(SolutionConfigurationPlatforms) = preSolution
		Debug|Any CPU = Debug|Any CPU
		Release|Any CPU = Release|Any CPU
	EndGlobalSection
	GlobalSection(ProjectConfigurationPlatforms) = postSolution
		{042CF509-D66D-E8FD-F09B-ECD73346F769}.Debug|Any CPU.ActiveCfg = Debug|Any CPU
		{042CF509-D66D-E8FD-F09B-ECD73346F769}.Debug|Any CPU.Build.0 = Debug|Any CPU
		{042CF509-D66D-E8FD-F09B-ECD73346F769}.Release|Any CPU.ActiveCfg = Release|Any CPU
		{042CF509-D66D-E8FD-F09B-ECD73346F769}.Release|Any CPU.Build.0 = Release|Any CPU
		{C2F7E5B2-5A4F-4C3F-9F3B-8B3A5D9D2E11}.Debug|Any CPU.ActiveCfg = Debug|Any CPU
		{C2F7E5B2-5A4F-4C3F-9F3B-8B3A5D9D2E11}.Debug|Any CPU.Build.0 = Debug|Any CPU
		{C2F7E5B2-5A4F-4C3F-9F3B-8B3A5D9D2E11}.Release|Any CPU.ActiveCfg = Release|Any CPU
		{C2F7E5B2-5A4F-4C3F-9F3B-8B3A5D9D2E11}.Release|Any CPU.Build.0 = Release|Any CPU
		{8A6F1E8E-AB96-4E66-8F0F-6BC8D1F4C7AA}.Debug|Any CPU.ActiveCfg = Debug|Any CPU
		{8A6F1E8E-AB96-4E66-8F0F-6BC8D1F4C7AA}.Debug|Any CPU.Build.0 = Debug|Any CPU
		{8A6F1E8E-AB96-4E66-8F0F-6BC8D1F4C7AA}.Release|Any CPU.ActiveCfg = Release|Any CPU
		{8A6F1E8E-AB96-4E66-8F0F-6BC8D1F4C7AA}.Release|Any CPU.Build.0 = Release|Any CPU
	EndGlobalSection
	GlobalSection(SolutionProperties) = preSolution
		HideSolutionNode = FALSE
	EndGlobalSection
	GlobalSection(ExtensibilityGlobals) = postSolution
		SolutionGuid = {196EC6E1-ED75-49C4-A3A8-EBEC6F97B42D}
	EndGlobalSection
EndGlobal
